
Microsoft Visual Studio Solution File, Format Version 12.00
# Visual Studio Version 17
VisualStudioVersion = 17.3.32819.101
MinimumVisualStudioVersion = 10.0.40219.1
Project("{FAE04EC0-301F-11D3-BF4B-00C04F79EFBC}") = "Loops", "Loops.csproj", "{4EB41A04-35DD-4D92-882A-3E7DBA4A196B}"
EndProject
Global
	GlobalSection(SolutionConfigurationPlatforms) = preSolution
		Debug|Any CPU = Debug|Any CPU
		Release|Any CPU = Release|Any CPU
	EndGlobalSection
	GlobalSection(ProjectConfigurationPlatforms) = postSolution
		{4EB41A04-35DD-4D92-882A-3E7DBA4A196B}.Debug|Any CPU.ActiveCfg = Debug|Any CPU
		{4EB41A04-35DD-4D92-882A-3E7DBA4A196B}.Debug|Any CPU.Build.0 = Debug|Any CPU
		{4EB41A04-35DD-4D92-882A-3E7DBA4A196B}.Release|Any CPU.ActiveCfg = Release|Any CPU
		{4EB41A04-35DD-4D92-882A-3E7DBA4A196B}.Release|Any CPU.Build.0 = Release|Any CPU
	EndGlobalSection
	GlobalSection(SolutionProperties) = preSolution
		HideSolutionNode = FALSE
	EndGlobalSection
	GlobalSection(ExtensibilityGlobals) = postSolution
		SolutionGuid = {109F6632-A04B-492B-B93A-4AECE1CE43DE}
	EndGlobalSection
EndGlobal
